
Microsoft Visual Studio Solution File, Format Version 12.00
# Visual Studio Version 17
VisualStudioVersion = 17.14.36811.4 d17.14
MinimumVisualStudioVersion = 10.0.40219.1
Project("{FAE04EC0-301F-11D3-BF4B-00C04F79EFBC}") = "Compound Interest Calculator Pro Max Ultra", "Compound Interest Calculator Pro Max Ultra\Compound Interest Calculator Pro Max Ultra.csproj", "{4D67B3FA-C3F4-4CA7-A201-FBB30757BF04}"
EndProject
Global
	GlobalSection(SolutionConfigurationPlatforms) = preSolution
		Debug|Any CPU = Debug|Any CPU
		Release|Any CPU = Release|Any CPU
	EndGlobalSection
	GlobalSection(ProjectConfigurationPlatforms) = postSolution
		{4D67B3FA-C3F4-4CA7-A201-FBB30757BF04}.Debug|Any CPU.ActiveCfg = Debug|Any CPU
		{4D67B3FA-C3F4-4CA7-A201-FBB30757BF04}.Debug|Any CPU.Build.0 = Debug|Any CPU
		{4D67B3FA-C3F4-4CA7-A201-FBB30757BF04}.Release|Any CPU.ActiveCfg = Release|Any CPU
		{4D67B3FA-C3F4-4CA7-A201-FBB30757BF04}.Release|Any CPU.Build.0 = Release|Any CPU
	EndGlobalSection
	GlobalSection(SolutionProperties) = preSolution
		HideSolutionNode = FALSE
	EndGlobalSection
	GlobalSection(ExtensibilityGlobals) = postSolution
		SolutionGuid = {4B93843B-EE96-4022-B6D4-ADEEB83388D6}
	EndGlobalSection
EndGlobal
